
Microsoft Visual Studio Solution File, Format Version 12.00
# Visual Studio 15
Project("{FAE04EC0-301F-11D3-BF4B-00C04F79EFBC}") = "EventManager.Server", "EventManager.Server\EventManager.Server.csproj", "{87BC31F5-3933-4F63-A0AD-3F84844C8BE2}"
EndProject
Global
	GlobalSection(SolutionConfigurationPlatforms) = preSolution
		Debug|Any CPU = Debug|Any CPU
		Release|Any CPU = Release|Any CPU
	EndGlobalSection
	GlobalSection(ProjectConfigurationPlatforms) = postSolution
		{87BC31F5-3933-4F63-A0AD-3F84844C8BE2}.Debug|Any CPU.ActiveCfg = Debug|Any CPU
		{87BC31F5-3933-4F63-A0AD-3F84844C8BE2}.Debug|Any CPU.Build.0 = Debug|Any CPU
		{87BC31F5-3933-4F63-A0AD-3F84844C8BE2}.Release|Any CPU.ActiveCfg = Release|Any CPU
		{87BC31F5-3933-4F63-A0AD-3F84844C8BE2}.Release|Any CPU.Build.0 = Release|Any CPU
	EndGlobalSection
EndGlobal
